github.com/gorilla/websocket v1.5.3 h1:saDtZ6Pbx/0u+bgYQ3q96pZgCzfhKXGPqt7kZ72aNNg=
github.com/gorilla/websocket v1.5.3/go.mod h1:YR8l580nyteQvAITg2hZ9XVh4b55+EU/adAjf1fMHhE=
github.com/xtaci/smux v1.5.57 h1:N72VbGoSYxgcm6mPOYX0QzEZNVD3UI/JlVvAtXF+WrY=
github.com/xtaci/smux v1.5.57/go.mod h1:IGQ9QYrBphmb/4aTnLEcJby0TNr3NV+OslIOMrX825Q=
